# This file is automatically @generated by Cargo.
# It is not intended for manual editing.
version = 4

[[package]]
name = "aho-corasick"
version = "1.0.5"
source = "registry+https://github.com/rust-lang/crates.io-index"
checksum = "0c378d78423fdad8089616f827526ee33c19f2fddbd5de1629152c9593ba4783"
dependencies = [
 "memchr",
]

[[package]]
name = "cerith"
version = "0.1.2"
dependencies = [
 "getopts",
 "libc",
 "rand",
 "regex",
 "time",
 "toml",
]

[[package]]
name = "cfg-if"
version = "1.0.0"
source = "registry+https://github.com/rust-lang/crates.io-index"
checksum = "baf1de4339761588bc0619e3cbc0120ee582ebb74b53b4efbf79117bd2da40fd"

[[package]]
name = "deranged"
version = "0.3.11"
source = "registry+https://github.com/rust-lang/crates.io-index"
checksum = "b42b6fa04a440b495c8b04d0e71b707c585f83cb9cb28cf8cd0d976c315e31b4"
dependencies = [
 "powerfmt",
]

[[package]]
name = "equivalent"
version = "1.0.1"
source = "registry+https://github.com/rust-lang/crates.io-index"
checksum = "5443807d6dff69373d433ab9ef5378ad8df50ca6298caf15de6e52e24aaf54d5"

[[package]]
name = "getopts"
version = "0.2.21"
source = "registry+https://github.com/rust-lang/crates.io-index"
checksum = "14dbbfd5c71d70241ecf9e6f13737f7b5ce823821063188d7e46c41d371eebd5"
dependencies = [
 "unicode-width",
]

[[package]]
name = "getrandom"
version = "0.2.3"
source = "registry+https://github.com/rust-lang/crates.io-index"
checksum = "7fcd999463524c52659517fe2cea98493cfe485d10565e7b0fb07dbba7ad2753"
dependencies = [
 "cfg-if",
 "libc",
 "wasi",
]

[[package]]
name = "hashbrown"
version = "0.15.1"
source = "registry+https://github.com/rust-lang/crates.io-index"
checksum = "3a9bfc1af68b1726ea47d3d5109de126281def866b33970e10fbab11b5dafab3"

[[package]]
name = "indexmap"
version = "2.6.0"
source = "registry+https://github.com/rust-lang/crates.io-index"
checksum = "707907fe3c25f5424cce2cb7e1cbcafee6bdbe735ca90ef77c29e84591e5b9da"
dependencies = [
 "equivalent",
 "hashbrown",
]

[[package]]
name = "itoa"
version = "1.0.9"
source = "registry+https://github.com/rust-lang/crates.io-index"
checksum = "af150ab688ff2122fcef229be89cb50dd66af9e01a4ff320cc137eecc9bacc38"

[[package]]
name = "libc"
version = "0.2.166"
source = "registry+https://github.com/rust-lang/crates.io-index"
checksum = "c2ccc108bbc0b1331bd061864e7cd823c0cab660bbe6970e66e2c0614decde36"

[[package]]
name = "memchr"
version = "2.6.3"
source = "registry+https://github.com/rust-lang/crates.io-index"
checksum = "8f232d6ef707e1956a43342693d2a31e72989554d58299d7a88738cc95b0d35c"

[[package]]
name = "num-conv"
version = "0.1.0"
source = "registry+https://github.com/rust-lang/crates.io-index"
checksum = "51d515d32fb182ee37cda2ccdcb92950d6a3c2893aa280e540671c2cd0f3b1d9"

[[package]]
name = "num_threads"
version = "0.1.6"
source = "registry+https://github.com/rust-lang/crates.io-index"
checksum = "2819ce041d2ee131036f4fc9d6ae7ae125a3a40e97ba64d04fe799ad9dabbb44"
dependencies = [
 "libc",
]

[[package]]
name = "powerfmt"
version = "0.2.0"
source = "registry+https://github.com/rust-lang/crates.io-index"
checksum = "439ee305def115ba05938db6eb1644ff94165c5ab5e9420d1c1bcedbba909391"

[[package]]
name = "ppv-lite86"
version = "0.2.14"
source = "registry+https://github.com/rust-lang/crates.io-index"
checksum = "c3ca011bd0129ff4ae15cd04c4eef202cadf6c51c21e47aba319b4e0501db741"

[[package]]
name = "proc-macro2"
version = "1.0.66"
source = "registry+https://github.com/rust-lang/crates.io-index"
checksum = "18fb31db3f9bddb2ea821cde30a9f70117e3f119938b5ee630b7403aa6e2ead9"
dependencies = [
 "unicode-ident",
]

[[package]]
name = "quote"
version = "1.0.33"
source = "registry+https://github.com/rust-lang/crates.io-index"
checksum = "5267fca4496028628a95160fc423a33e8b2e6af8a5302579e322e4b520293cae"
dependencies = [
 "proc-macro2",
]

[[package]]
name = "rand"
version = "0.8.5"
source = "registry+https://github.com/rust-lang/crates.io-index"
checksum = "34af8d1a0e25924bc5b7c43c079c942339d8f0a8b57c39049bef581b46327404"
dependencies = [
 "libc",
 "rand_chacha",
 "rand_core",
]

[[package]]
name = "rand_chacha"
version = "0.3.1"
source = "registry+https://github.com/rust-lang/crates.io-index"
checksum = "e6c10a63a0fa32252be49d21e7709d4d4baf8d231c2dbce1eaa8141b9b127d88"
dependencies = [
 "ppv-lite86",
 "rand_core",
]

[[package]]
name = "rand_core"
version = "0.6.3"
source = "registry+https://github.com/rust-lang/crates.io-index"
checksum = "d34f1408f55294453790c48b2f1ebbb1c5b4b7563eb1f418bcfcfdbb06ebb4e7"
dependencies = [
 "getrandom",
]

[[package]]
name = "regex"
version = "1.11.1"
source = "registry+https://github.com/rust-lang/crates.io-index"
checksum = "b544ef1b4eac5dc2db33ea63606ae9ffcfac26c1416a2806ae0bf5f56b201191"
dependencies = [
 "aho-corasick",
 "memchr",
 "regex-automata",
 "regex-syntax",
]

[[package]]
name = "regex-automata"
version = "0.4.9"
source = "registry+https://github.com/rust-lang/crates.io-index"
checksum = "809e8dc61f6de73b46c85f4c96486310fe304c434cfa43669d7b40f711150908"
dependencies = [
 "aho-corasick",
 "memchr",
 "regex-syntax",
]

[[package]]
name = "regex-syntax"
version = "0.8.5"
source = "registry+https://github.com/rust-lang/crates.io-index"
checksum = "2b15c43186be67a4fd63bee50d0303afffcef381492ebe2c5d87f324e1b8815c"

[[package]]
name = "serde"
version = "1.0.188"
source = "registry+https://github.com/rust-lang/crates.io-index"
checksum = "cf9e0fcba69a370eed61bcf2b728575f726b50b55cba78064753d708ddc7549e"
dependencies = [
 "serde_derive",
]

[[package]]
name = "serde_derive"
version = "1.0.188"
source = "registry+https://github.com/rust-lang/crates.io-index"
checksum = "4eca7ac642d82aa35b60049a6eccb4be6be75e599bd2e9adb5f875a737654af2"
dependencies = [
 "proc-macro2",
 "quote",
 "syn",
]

[[package]]
name = "serde_spanned"
version = "0.6.8"
source = "registry+https://github.com/rust-lang/crates.io-index"
checksum = "87607cb1398ed59d48732e575a4c28a7a8ebf2454b964fe3f224f2afc07909e1"
dependencies = [
 "serde",
]

[[package]]
name = "syn"
version = "2.0.31"
source = "registry+https://github.com/rust-lang/crates.io-index"
checksum = "718fa2415bcb8d8bd775917a1bf12a7931b6dfa890753378538118181e0cb398"
dependencies = [
 "proc-macro2",
 "quote",
 "unicode-ident",
]

[[package]]
name = "time"
version = "0.3.37"
source = "registry+https://github.com/rust-lang/crates.io-index"
checksum = "35e7868883861bd0e56d9ac6efcaaca0d6d5d82a2a7ec8209ff492c07cf37b21"
dependencies = [
 "deranged",
 "itoa",
 "libc",
 "num-conv",
 "num_threads",
 "powerfmt",
 "serde",
 "time-core",
 "time-macros",
]

[[package]]
name = "time-core"
version = "0.1.2"
source = "registry+https://github.com/rust-lang/crates.io-index"
checksum = "ef927ca75afb808a4d64dd374f00a2adf8d0fcff8e7b184af886c3c87ec4a3f3"

[[package]]
name = "time-macros"
version = "0.2.19"
source = "registry+https://github.com/rust-lang/crates.io-index"
checksum = "2834e6017e3e5e4b9834939793b282bc03b37a3336245fa820e35e233e2a85de"
dependencies = [
 "num-conv",
 "time-core",
]

[[package]]
name = "toml"
version = "0.8.19"
source = "registry+https://github.com/rust-lang/crates.io-index"
checksum = "a1ed1f98e3fdc28d6d910e6737ae6ab1a93bf1985935a1193e68f93eeb68d24e"
dependencies = [
 "serde",
 "serde_spanned",
 "toml_datetime",
 "toml_edit",
]

[[package]]
name = "toml_datetime"
version = "0.6.8"
source = "registry+https://github.com/rust-lang/crates.io-index"
checksum = "0dd7358ecb8fc2f8d014bf86f6f638ce72ba252a2c3a2572f2a795f1d23efb41"
dependencies = [
 "serde",
]

[[package]]
name = "toml_edit"
version = "0.22.22"
source = "registry+https://github.com/rust-lang/crates.io-index"
checksum = "4ae48d6208a266e853d946088ed816055e556cc6028c5e8e2b84d9fa5dd7c7f5"
dependencies = [
 "indexmap",
 "serde",
 "serde_spanned",
 "toml_datetime",
 "winnow",
]

[[package]]
name = "unicode-ident"
version = "1.0.11"
source = "registry+https://github.com/rust-lang/crates.io-index"
checksum = "301abaae475aa91687eb82514b328ab47a211a533026cb25fc3e519b86adfc3c"

[[package]]
name = "unicode-width"
version = "0.1.9"
source = "registry+https://github.com/rust-lang/crates.io-index"
checksum = "3ed742d4ea2bd1176e236172c8429aaf54486e7ac098db29ffe6529e0ce50973"

[[package]]
name = "wasi"
version = "0.10.2+wasi-snapshot-preview1"
source = "registry+https://github.com/rust-lang/crates.io-index"
checksum = "fd6fbd9a79829dd1ad0cc20627bf1ed606756a7f77edff7b66b7064f9cb327c6"

[[package]]
name = "winnow"
version = "0.6.20"
source = "registry+https://github.com/rust-lang/crates.io-index"
checksum = "36c1fec1a2bb5866f07c25f68c26e565c4c200aebb96d7e55710c19d3e8ac49b"
dependencies = [
 "memchr",
]
